
Microsoft Visual Studio Solution File, Format Version 12.00
# Visual Studio 15
VisualStudioVersion = 15.0.28010.2026
MinimumVisualStudioVersion = 10.0.40219.1
Project("{FAE04EC0-301F-11D3-BF4B-00C04F79EFBC}") = "03_reverse_digit", "03_reverse_digit\03_reverse_digit.csproj", "{AB0F33AA-5EDB-4567-914C-A3CFB308A701}"
EndProject
Global
	GlobalSection(SolutionConfigurationPlatforms) = preSolution
		Debug|Any CPU = Debug|Any CPU
		Release|Any CPU = Release|Any CPU
	EndGlobalSection
	GlobalSection(ProjectConfigurationPlatforms) = postSolution
		{AB0F33AA-5EDB-4567-914C-A3CFB308A701}.Debug|Any CPU.ActiveCfg = Debug|Any CPU
		{AB0F33AA-5EDB-4567-914C-A3CFB308A701}.Debug|Any CPU.Build.0 = Debug|Any CPU
		{AB0F33AA-5EDB-4567-914C-A3CFB308A701}.Release|Any CPU.ActiveCfg = Release|Any CPU
		{AB0F33AA-5EDB-4567-914C-A3CFB308A701}.Release|Any CPU.Build.0 = Release|Any CPU
	EndGlobalSection
	GlobalSection(SolutionProperties) = preSolution
		HideSolutionNode = FALSE
	EndGlobalSection
	GlobalSection(ExtensibilityGlobals) = postSolution
		SolutionGuid = {BBC5A28B-8719-4994-A5CD-0A16A498B9FA}
	EndGlobalSection
EndGlobal
